
Microsoft Visual Studio Solution File, Format Version 12.00
# Visual Studio 15
VisualStudioVersion = 15.0.26730.16
MinimumVisualStudioVersion = 10.0.40219.1
Project("{FAE04EC0-301F-11D3-BF4B-00C04F79EFBC}") = "01_Resurrection", "01_Resurrection\01_Resurrection.csproj", "{74D37714-5402-4D26-A0CD-8D4825FEA7D2}"
EndProject
Project("{FAE04EC0-301F-11D3-BF4B-00C04F79EFBC}") = "02_Icarus", "02_Icarus\02_Icarus.csproj", "{80DBAC25-D4C5-4E5F-895A-F689C17A0F97}"
EndProject
Project("{FAE04EC0-301F-11D3-BF4B-00C04F79EFBC}") = "03_PhoenixGrid", "03_PhoenixGrid\03_PhoenixGrid.csproj", "{C0419A4C-74A2-4A90-8812-CB1E8433D37F}"
EndProject
Project("{FAE04EC0-301F-11D3-BF4B-00C04F79EFBC}") = "04_PhoenixOscarRomeoNovember", "04_PhoenixOscarRomeoNovember\04_PhoenixOscarRomeoNovember.csproj", "{B5122654-BE13-4161-9D1A-9B74A1598BFD}"
EndProject
Global
	GlobalSection(SolutionConfigurationPlatforms) = preSolution
		Debug|Any CPU = Debug|Any CPU
		Release|Any CPU = Release|Any CPU
	EndGlobalSection
	GlobalSection(ProjectConfigurationPlatforms) = postSolution
		{74D37714-5402-4D26-A0CD-8D4825FEA7D2}.Debug|Any CPU.ActiveCfg = Debug|Any CPU
		{74D37714-5402-4D26-A0CD-8D4825FEA7D2}.Debug|Any CPU.Build.0 = Debug|Any CPU
		{74D37714-5402-4D26-A0CD-8D4825FEA7D2}.Release|Any CPU.ActiveCfg = Release|Any CPU
		{74D37714-5402-4D26-A0CD-8D4825FEA7D2}.Release|Any CPU.Build.0 = Release|Any CPU
		{80DBAC25-D4C5-4E5F-895A-F689C17A0F97}.Debug|Any CPU.ActiveCfg = Debug|Any CPU
		{80DBAC25-D4C5-4E5F-895A-F689C17A0F97}.Debug|Any CPU.Build.0 = Debug|Any CPU
		{80DBAC25-D4C5-4E5F-895A-F689C17A0F97}.Release|Any CPU.ActiveCfg = Release|Any CPU
		{80DBAC25-D4C5-4E5F-895A-F689C17A0F97}.Release|Any CPU.Build.0 = Release|Any CPU
		{C0419A4C-74A2-4A90-8812-CB1E8433D37F}.Debug|Any CPU.ActiveCfg = Debug|Any CPU
		{C0419A4C-74A2-4A90-8812-CB1E8433D37F}.Debug|Any CPU.Build.0 = Debug|Any CPU
		{C0419A4C-74A2-4A90-8812-CB1E8433D37F}.Release|Any CPU.ActiveCfg = Release|Any CPU
		{C0419A4C-74A2-4A90-8812-CB1E8433D37F}.Release|Any CPU.Build.0 = Release|Any CPU
		{B5122654-BE13-4161-9D1A-9B74A1598BFD}.Debug|Any CPU.ActiveCfg = Debug|Any CPU
		{B5122654-BE13-4161-9D1A-9B74A1598BFD}.Debug|Any CPU.Build.0 = Debug|Any CPU
		{B5122654-BE13-4161-9D1A-9B74A1598BFD}.Release|Any CPU.ActiveCfg = Release|Any CPU
		{B5122654-BE13-4161-9D1A-9B74A1598BFD}.Release|Any CPU.Build.0 = Release|Any CPU
	EndGlobalSection
	GlobalSection(SolutionProperties) = preSolution
		HideSolutionNode = FALSE
	EndGlobalSection
	GlobalSection(ExtensibilityGlobals) = postSolution
		SolutionGuid = {262E34E7-A285-4EC0-AE62-9A41E28821CC}
	EndGlobalSection
EndGlobal
