
Microsoft Visual Studio Solution File, Format Version 12.00
# Visual Studio 15
VisualStudioVersion = 15.0.27130.2036
MinimumVisualStudioVersion = 10.0.40219.1
Project("{FAE04EC0-301F-11D3-BF4B-00C04F79EFBC}") = "01DebitCardNumber", "01DebitCardNumber\01DebitCardNumber.csproj", "{766B63D2-C834-4481-954F-71C3FDB7BD33}"
EndProject
Project("{FAE04EC0-301F-11D3-BF4B-00C04F79EFBC}") = "02RectangleArea", "02RectangleArea\02RectangleArea.csproj", "{728DC208-1685-4D7B-8147-2EFE4840104E}"
EndProject
Project("{FAE04EC0-301F-11D3-BF4B-00C04F79EFBC}") = "03MilesToKilometers", "03MilesToKilometers\03MilesToKilometers.csproj", "{FAC76CC1-1ACD-4366-B04B-588BE4B1006A}"
EndProject
Project("{FAE04EC0-301F-11D3-BF4B-00C04F79EFBC}") = "04BeverageLabels", "04BeverageLabels\04BeverageLabels.csproj", "{E4E966FA-E3EE-4DF7-9EB4-2398F2BF9BF4}"
EndProject
Project("{FAE04EC0-301F-11D3-BF4B-00C04F79EFBC}") = "05CharacterStats", "05CharacterStats\05CharacterStats.csproj", "{BE5ACF66-CA03-4A78-BFA9-0E33E05A2324}"
EndProject
Global
	GlobalSection(SolutionConfigurationPlatforms) = preSolution
		Debug|Any CPU = Debug|Any CPU
		Release|Any CPU = Release|Any CPU
	EndGlobalSection
	GlobalSection(ProjectConfigurationPlatforms) = postSolution
		{766B63D2-C834-4481-954F-71C3FDB7BD33}.Debug|Any CPU.ActiveCfg = Debug|Any CPU
		{766B63D2-C834-4481-954F-71C3FDB7BD33}.Debug|Any CPU.Build.0 = Debug|Any CPU
		{766B63D2-C834-4481-954F-71C3FDB7BD33}.Release|Any CPU.ActiveCfg = Release|Any CPU
		{766B63D2-C834-4481-954F-71C3FDB7BD33}.Release|Any CPU.Build.0 = Release|Any CPU
		{728DC208-1685-4D7B-8147-2EFE4840104E}.Debug|Any CPU.ActiveCfg = Debug|Any CPU
		{728DC208-1685-4D7B-8147-2EFE4840104E}.Debug|Any CPU.Build.0 = Debug|Any CPU
		{728DC208-1685-4D7B-8147-2EFE4840104E}.Release|Any CPU.ActiveCfg = Release|Any CPU
		{728DC208-1685-4D7B-8147-2EFE4840104E}.Release|Any CPU.Build.0 = Release|Any CPU
		{FAC76CC1-1ACD-4366-B04B-588BE4B1006A}.Debug|Any CPU.ActiveCfg = Debug|Any CPU
		{FAC76CC1-1ACD-4366-B04B-588BE4B1006A}.Debug|Any CPU.Build.0 = Debug|Any CPU
		{FAC76CC1-1ACD-4366-B04B-588BE4B1006A}.Release|Any CPU.ActiveCfg = Release|Any CPU
		{FAC76CC1-1ACD-4366-B04B-588BE4B1006A}.Release|Any CPU.Build.0 = Release|Any CPU
		{E4E966FA-E3EE-4DF7-9EB4-2398F2BF9BF4}.Debug|Any CPU.ActiveCfg = Debug|Any CPU
		{E4E966FA-E3EE-4DF7-9EB4-2398F2BF9BF4}.Debug|Any CPU.Build.0 = Debug|Any CPU
		{E4E966FA-E3EE-4DF7-9EB4-2398F2BF9BF4}.Release|Any CPU.ActiveCfg = Release|Any CPU
		{E4E966FA-E3EE-4DF7-9EB4-2398F2BF9BF4}.Release|Any CPU.Build.0 = Release|Any CPU
		{BE5ACF66-CA03-4A78-BFA9-0E33E05A2324}.Debug|Any CPU.ActiveCfg = Debug|Any CPU
		{BE5ACF66-CA03-4A78-BFA9-0E33E05A2324}.Debug|Any CPU.Build.0 = Debug|Any CPU
		{BE5ACF66-CA03-4A78-BFA9-0E33E05A2324}.Release|Any CPU.ActiveCfg = Release|Any CPU
		{BE5ACF66-CA03-4A78-BFA9-0E33E05A2324}.Release|Any CPU.Build.0 = Release|Any CPU
	EndGlobalSection
	GlobalSection(SolutionProperties) = preSolution
		HideSolutionNode = FALSE
	EndGlobalSection
	GlobalSection(ExtensibilityGlobals) = postSolution
		SolutionGuid = {9276C919-E090-4BA5-A855-FAEF8209244E}
	EndGlobalSection
EndGlobal
