
Microsoft Visual Studio Solution File, Format Version 12.00
# Visual Studio 15
VisualStudioVersion = 15.0.27130.2036
MinimumVisualStudioVersion = 10.0.40219.1
Project("{FAE04EC0-301F-11D3-BF4B-00C04F79EFBC}") = "01Greeting", "01Greeting\01Greeting.csproj", "{A14A05F5-54FF-4639-AA9B-78A53F350792}"
EndProject
Project("{FAE04EC0-301F-11D3-BF4B-00C04F79EFBC}") = "02AddTwoNumbers", "02AddTwoNumbers\02AddTwoNumbers.csproj", "{085DCA8C-A7BC-4754-844E-4E12DFFBF43D}"
EndProject
Project("{FAE04EC0-301F-11D3-BF4B-00C04F79EFBC}") = "03EmployeeData", "03EmployeeData\03EmployeeData.csproj", "{05BAA6F6-96DC-456C-975D-90DADFBA4DB2}"
EndProject
Global
	GlobalSection(SolutionConfigurationPlatforms) = preSolution
		Debug|Any CPU = Debug|Any CPU
		Release|Any CPU = Release|Any CPU
	EndGlobalSection
	GlobalSection(ProjectConfigurationPlatforms) = postSolution
		{A14A05F5-54FF-4639-AA9B-78A53F350792}.Debug|Any CPU.ActiveCfg = Debug|Any CPU
		{A14A05F5-54FF-4639-AA9B-78A53F350792}.Debug|Any CPU.Build.0 = Debug|Any CPU
		{A14A05F5-54FF-4639-AA9B-78A53F350792}.Release|Any CPU.ActiveCfg = Release|Any CPU
		{A14A05F5-54FF-4639-AA9B-78A53F350792}.Release|Any CPU.Build.0 = Release|Any CPU
		{085DCA8C-A7BC-4754-844E-4E12DFFBF43D}.Debug|Any CPU.ActiveCfg = Debug|Any CPU
		{085DCA8C-A7BC-4754-844E-4E12DFFBF43D}.Debug|Any CPU.Build.0 = Debug|Any CPU
		{085DCA8C-A7BC-4754-844E-4E12DFFBF43D}.Release|Any CPU.ActiveCfg = Release|Any CPU
		{085DCA8C-A7BC-4754-844E-4E12DFFBF43D}.Release|Any CPU.Build.0 = Release|Any CPU
		{05BAA6F6-96DC-456C-975D-90DADFBA4DB2}.Debug|Any CPU.ActiveCfg = Debug|Any CPU
		{05BAA6F6-96DC-456C-975D-90DADFBA4DB2}.Debug|Any CPU.Build.0 = Debug|Any CPU
		{05BAA6F6-96DC-456C-975D-90DADFBA4DB2}.Release|Any CPU.ActiveCfg = Release|Any CPU
		{05BAA6F6-96DC-456C-975D-90DADFBA4DB2}.Release|Any CPU.Build.0 = Release|Any CPU
	EndGlobalSection
	GlobalSection(SolutionProperties) = preSolution
		HideSolutionNode = FALSE
	EndGlobalSection
	GlobalSection(ExtensibilityGlobals) = postSolution
		SolutionGuid = {A365B4DE-43CA-41CD-A2CE-507D31804D2F}
	EndGlobalSection
EndGlobal
