
Microsoft Visual Studio Solution File, Format Version 12.00
# Visual Studio 15
VisualStudioVersion = 15.0.26730.16
MinimumVisualStudioVersion = 10.0.40219.1
Project("{FAE04EC0-301F-11D3-BF4B-00C04F79EFBC}") = "02. Hornet Comm", "02. Hornet Comm\02. Hornet Comm.csproj", "{090AAC0C-65AC-4DB1-9935-A6C9C90F8B1C}"
EndProject
Project("{FAE04EC0-301F-11D3-BF4B-00C04F79EFBC}") = "01 Hornet Wings", "01 Hornet Wings\01 Hornet Wings.csproj", "{24CA70D5-7A9C-4137-BC79-A29D1D33FBEC}"
EndProject
Project("{FAE04EC0-301F-11D3-BF4B-00C04F79EFBC}") = "03 Hornet Assault", "03 Hornet Assault\03 Hornet Assault.csproj", "{F359B40F-170D-469D-9387-638D51D51A90}"
EndProject
Project("{FAE04EC0-301F-11D3-BF4B-00C04F79EFBC}") = "04 HornetArmada", "04 HornetArmada\04 HornetArmada.csproj", "{6E07579C-C911-42C9-B9CC-941B0DA06B45}"
EndProject
Global
	GlobalSection(SolutionConfigurationPlatforms) = preSolution
		Debug|Any CPU = Debug|Any CPU
		Release|Any CPU = Release|Any CPU
	EndGlobalSection
	GlobalSection(ProjectConfigurationPlatforms) = postSolution
		{090AAC0C-65AC-4DB1-9935-A6C9C90F8B1C}.Debug|Any CPU.ActiveCfg = Debug|Any CPU
		{090AAC0C-65AC-4DB1-9935-A6C9C90F8B1C}.Debug|Any CPU.Build.0 = Debug|Any CPU
		{090AAC0C-65AC-4DB1-9935-A6C9C90F8B1C}.Release|Any CPU.ActiveCfg = Release|Any CPU
		{090AAC0C-65AC-4DB1-9935-A6C9C90F8B1C}.Release|Any CPU.Build.0 = Release|Any CPU
		{24CA70D5-7A9C-4137-BC79-A29D1D33FBEC}.Debug|Any CPU.ActiveCfg = Debug|Any CPU
		{24CA70D5-7A9C-4137-BC79-A29D1D33FBEC}.Debug|Any CPU.Build.0 = Debug|Any CPU
		{24CA70D5-7A9C-4137-BC79-A29D1D33FBEC}.Release|Any CPU.ActiveCfg = Release|Any CPU
		{24CA70D5-7A9C-4137-BC79-A29D1D33FBEC}.Release|Any CPU.Build.0 = Release|Any CPU
		{F359B40F-170D-469D-9387-638D51D51A90}.Debug|Any CPU.ActiveCfg = Debug|Any CPU
		{F359B40F-170D-469D-9387-638D51D51A90}.Debug|Any CPU.Build.0 = Debug|Any CPU
		{F359B40F-170D-469D-9387-638D51D51A90}.Release|Any CPU.ActiveCfg = Release|Any CPU
		{F359B40F-170D-469D-9387-638D51D51A90}.Release|Any CPU.Build.0 = Release|Any CPU
		{6E07579C-C911-42C9-B9CC-941B0DA06B45}.Debug|Any CPU.ActiveCfg = Debug|Any CPU
		{6E07579C-C911-42C9-B9CC-941B0DA06B45}.Debug|Any CPU.Build.0 = Debug|Any CPU
		{6E07579C-C911-42C9-B9CC-941B0DA06B45}.Release|Any CPU.ActiveCfg = Release|Any CPU
		{6E07579C-C911-42C9-B9CC-941B0DA06B45}.Release|Any CPU.Build.0 = Release|Any CPU
	EndGlobalSection
	GlobalSection(SolutionProperties) = preSolution
		HideSolutionNode = FALSE
	EndGlobalSection
	GlobalSection(ExtensibilityGlobals) = postSolution
		SolutionGuid = {CCB544EA-86E0-43A9-BF65-F8FCBA49D4E8}
	EndGlobalSection
EndGlobal
